
Microsoft Visual Studio Solution File, Format Version 12.00
# Visual Studio Version 16
VisualStudioVersion = 16.0.31321.278
MinimumVisualStudioVersion = 10.0.40219.1
Project("{FAE04EC0-301F-11D3-BF4B-00C04F79EFBC}") = "MyDHL_API_Implementation", "MyDHL_API_Implementation.csproj", "{636353C2-82BF-44C3-B0EC-E9A0B5C4680E}"
EndProject
Global
	GlobalSection(SolutionConfigurationPlatforms) = preSolution
		Debug|Any CPU = Debug|Any CPU
		Release|Any CPU = Release|Any CPU
	EndGlobalSection
	GlobalSection(ProjectConfigurationPlatforms) = postSolution
		{636353C2-82BF-44C3-B0EC-E9A0B5C4680E}.Debug|Any CPU.ActiveCfg = Debug|Any CPU
		{636353C2-82BF-44C3-B0EC-E9A0B5C4680E}.Debug|Any CPU.Build.0 = Debug|Any CPU
		{636353C2-82BF-44C3-B0EC-E9A0B5C4680E}.Release|Any CPU.ActiveCfg = Release|Any CPU
		{636353C2-82BF-44C3-B0EC-E9A0B5C4680E}.Release|Any CPU.Build.0 = Release|Any CPU
	EndGlobalSection
	GlobalSection(SolutionProperties) = preSolution
		HideSolutionNode = FALSE
	EndGlobalSection
	GlobalSection(ExtensibilityGlobals) = postSolution
		SolutionGuid = {D8A33017-B8AB-4DC5-9454-BF03E276F191}
	EndGlobalSection
EndGlobal
